
Microsoft Visual Studio Solution File, Format Version 12.00
# Visual Studio Version 16
VisualStudioVersion = 16.0.29613.14
MinimumVisualStudioVersion = 10.0.40219.1
Project("{FAE04EC0-301F-11D3-BF4B-00C04F79EFBC}") = "ApiSql", "ApiSql\ApiSql.csproj", "{F82B9204-DE97-4AA5-92A8-6E0E7DB55EEF}"
EndProject
Global
	GlobalSection(SolutionConfigurationPlatforms) = preSolution
		Debug|Any CPU = Debug|Any CPU
		Release|Any CPU = Release|Any CPU
	EndGlobalSection
	GlobalSection(ProjectConfigurationPlatforms) = postSolution
		{F82B9204-DE97-4AA5-92A8-6E0E7DB55EEF}.Debug|Any CPU.ActiveCfg = Debug|Any CPU
		{F82B9204-DE97-4AA5-92A8-6E0E7DB55EEF}.Debug|Any CPU.Build.0 = Debug|Any CPU
		{F82B9204-DE97-4AA5-92A8-6E0E7DB55EEF}.Release|Any CPU.ActiveCfg = Release|Any CPU
		{F82B9204-DE97-4AA5-92A8-6E0E7DB55EEF}.Release|Any CPU.Build.0 = Release|Any CPU
	EndGlobalSection
	GlobalSection(SolutionProperties) = preSolution
		HideSolutionNode = FALSE
	EndGlobalSection
	GlobalSection(ExtensibilityGlobals) = postSolution
		SolutionGuid = {9284C2F9-3A17-4AC7-9092-3A673F78E532}
	EndGlobalSection
EndGlobal
